
Microsoft Visual Studio Solution File, Format Version 12.00
# Visual Studio Version 17
VisualStudioVersion = 17.3.32929.385
MinimumVisualStudioVersion = 10.0.40219.1
Project("{FAE04EC0-301F-11D3-BF4B-00C04F79EFBC}") = "FirstApp", "FirstApp.csproj", "{71D1A27E-3D6D-4D7B-B83E-EC8EE1F675FC}"
EndProject
Global
	GlobalSection(SolutionConfigurationPlatforms) = preSolution
		Debug|Any CPU = Debug|Any CPU
		Release|Any CPU = Release|Any CPU
	EndGlobalSection
	GlobalSection(ProjectConfigurationPlatforms) = postSolution
		{71D1A27E-3D6D-4D7B-B83E-EC8EE1F675FC}.Debug|Any CPU.ActiveCfg = Debug|Any CPU
		{71D1A27E-3D6D-4D7B-B83E-EC8EE1F675FC}.Debug|Any CPU.Build.0 = Debug|Any CPU
		{71D1A27E-3D6D-4D7B-B83E-EC8EE1F675FC}.Release|Any CPU.ActiveCfg = Release|Any CPU
		{71D1A27E-3D6D-4D7B-B83E-EC8EE1F675FC}.Release|Any CPU.Build.0 = Release|Any CPU
	EndGlobalSection
	GlobalSection(SolutionProperties) = preSolution
		HideSolutionNode = FALSE
	EndGlobalSection
	GlobalSection(ExtensibilityGlobals) = postSolution
		SolutionGuid = {0C74682D-75F5-4F06-BAAE-9199EBE9E9EB}
	EndGlobalSection
EndGlobal
